{
    "jms/metadata": {
        "version": "2.5.1"
    },
    "jms/serializer": {
        "version": "3.14.0"
    },
    "jms/serializer-bundle": {
        "version": "3.0",
        "recipe": {
            "repo": "github.com/symfony/recipes-contrib",
            "branch": "master",
            "version": "3.0",
            "ref": "384cec52df45f3bfd46a09930d6960a58872b268"
        },
        "files": [
            "config/packages/dev/jms_serializer.yaml",
            "config/packages/jms_serializer.yaml",
            "config/packages/prod/jms_serializer.yaml"
        ]
    },
    "phpstan/phpdoc-parser": {
        "version": "0.5.7"
    }
}
